github.com/mattn/go-sqlite3 v1.14.24 h1:tpSp2G2KyMnnQu99ngJ47EIkWVmliIizyZBfPrBWDRM=
github.com/mattn/go-sqlite3 v1.14.24/go.mod h1:Uh1q+B4BYcTPb+yiD3kU8Ct7aC0hY9fxUwlHK0RXw+Y=
github.com/thisisnttheway/viac-wealth-getter v1.0.0 h1:QKBNd19UGA032NjiLX/TuM2YYWQUtoOWw91lJiBEOHY=
github.com/thisisnttheway/viac-wealth-getter v1.0.0/go.mod h1:9OpIZw3//Ez7jEfnm/zW74+hR0vI+RNgcxZ2zOh6L5Y=
